{
  "name": "docs",
  "lockfileVersion": 3,
  "requires": true,
  "packages": {
    "": {
      "name": "docs",
      "dependencies": {
        "@hono/node-server": "^1.2.0",
        "highlight.js": "^11.8.0",
        "hono": "^3.7.1",
        "hwy": "0.2.2-beta.4"
      },
      "devDependencies": {
        "@hwy-js/dev": "0.2.2-beta.4",
        "@types/node": "^20.6.3",
        "@types/nprogress": "^0.2.0",
        "cross-env": "^7.0.3",
        "esbuild": "^0.19.3",
        "htmx.org": "^1.9.6",
        "nodemon": "^3.0.1",
        "nprogress": "^0.2.0",
        "tailwindcss": "^3.3.3",
        "typescript": "^5.2.2"
      },
      "engines": {
        "node": ">=18.14.1"
      }
    },
    "../node_modules/.pnpm/@hono+node-server@1.2.0/node_modules/@hono/node-server": {
      "version": "1.2.0",
      "license": "MIT",
      "devDependencies": {
        "@types/glob": "^8.1.0",
        "@types/jest": "^29.5.3",
        "@types/node": "^18.7.16",
        "@types/supertest": "^2.0.12",
        "esbuild": "^0.18.13",
        "hono": "^3.3.4",
        "jest": "^29.6.1",
        "np": "^7.7.0",
        "publint": "^0.1.16",
        "rimraf": "^3.0.2",
        "supertest": "^6.3.3",
        "ts-jest": "^29.1.1",
        "tsx": "^3.12.7",
        "typescript": "^4.8.3"
      },
      "engines": {
        "node": ">=18.0.0"
      }
    },
    "../node_modules/.pnpm/@types+node@20.6.3/node_modules/@types/node": {
      "version": "20.6.3",
      "dev": true,
      "license": "MIT"
    },
    "../node_modules/.pnpm/@types+nprogress@0.2.0/node_modules/@types/nprogress": {
      "version": "0.2.0",
      "dev": true,
      "license": "MIT"
    },
    "../node_modules/.pnpm/chokidar@3.5.3/node_modules/chokidar": {
      "version": "3.5.3",
      "dev": true,
      "funding": [
        {
          "type": "individual",
          "url": "https://paulmillr.com/funding/"
        }
      ],
      "license": "MIT",
      "dependencies": {
        "anymatch": "~3.1.2",
        "braces": "~3.0.2",
        "glob-parent": "~5.1.2",
        "is-binary-path": "~2.1.0",
        "is-glob": "~4.0.1",
        "normalize-path": "~3.0.0",
        "readdirp": "~3.6.0"
      },
      "devDependencies": {
        "@types/node": "^14",
        "chai": "^4.3",
        "dtslint": "^3.3.0",
        "eslint": "^7.0.0",
        "mocha": "^7.0.0",
        "nyc": "^15.0.0",
        "rimraf": "^3.0.0",
        "sinon": "^9.0.1",
        "sinon-chai": "^3.3.0",
        "typescript": "~4.4.3",
        "upath": "^1.2.0"
      },
      "engines": {
        "node": ">= 8.10.0"
      },
      "optionalDependencies": {
        "fsevents": "~2.3.2"
      }
    },
    "../node_modules/.pnpm/cross-env@7.0.3/node_modules/cross-env": {
      "version": "7.0.3",
      "dev": true,
      "license": "MIT",
      "dependencies": {
        "cross-spawn": "^7.0.1"
      },
      "bin": {
        "cross-env": "src/bin/cross-env.js",
        "cross-env-shell": "src/bin/cross-env-shell.js"
      },
      "devDependencies": {
        "kcd-scripts": "^5.5.0"
      },
      "engines": {
        "node": ">=10.14",
        "npm": ">=6",
        "yarn": ">=1"
      }
    },
    "../node_modules/.pnpm/dotenv@16.3.1/node_modules/dotenv": {
      "version": "16.3.1",
      "dev": true,
      "license": "BSD-2-Clause",
      "devDependencies": {
        "@definitelytyped/dtslint": "^0.0.133",
        "@types/node": "^18.11.3",
        "decache": "^4.6.1",
        "sinon": "^14.0.1",
        "standard": "^17.0.0",
        "standard-markdown": "^7.1.0",
        "standard-version": "^9.5.0",
        "tap": "^16.3.0",
        "tar": "^6.1.11",
        "typescript": "^4.8.4"
      },
      "engines": {
        "node": ">=12"
      },
      "funding": {
        "url": "https://github.com/motdotla/dotenv?sponsor=1"
      }
    },
    "../node_modules/.pnpm/esbuild@0.19.3/node_modules/esbuild": {
      "version": "0.19.3",
      "dev": true,
      "hasInstallScript": true,
      "license": "MIT",
      "bin": {
        "esbuild": "bin/esbuild"
      },
      "engines": {
        "node": ">=12"
      },
      "optionalDependencies": {
        "@esbuild/android-arm": "0.19.3",
        "@esbuild/android-arm64": "0.19.3",
        "@esbuild/android-x64": "0.19.3",
        "@esbuild/darwin-arm64": "0.19.3",
        "@esbuild/darwin-x64": "0.19.3",
        "@esbuild/freebsd-arm64": "0.19.3",
        "@esbuild/freebsd-x64": "0.19.3",
        "@esbuild/linux-arm": "0.19.3",
        "@esbuild/linux-arm64": "0.19.3",
        "@esbuild/linux-ia32": "0.19.3",
        "@esbuild/linux-loong64": "0.19.3",
        "@esbuild/linux-mips64el": "0.19.3",
        "@esbuild/linux-ppc64": "0.19.3",
        "@esbuild/linux-riscv64": "0.19.3",
        "@esbuild/linux-s390x": "0.19.3",
        "@esbuild/linux-x64": "0.19.3",
        "@esbuild/netbsd-x64": "0.19.3",
        "@esbuild/openbsd-x64": "0.19.3",
        "@esbuild/sunos-x64": "0.19.3",
        "@esbuild/win32-arm64": "0.19.3",
        "@esbuild/win32-ia32": "0.19.3",
        "@esbuild/win32-x64": "0.19.3"
      }
    },
    "../node_modules/.pnpm/highlight.js@11.8.0/node_modules/highlight.js": {
      "version": "11.8.0",
      "license": "BSD-3-Clause",
      "devDependencies": {
        "@colors/colors": "^1.5.0",
        "@rollup/plugin-commonjs": "^24.1.0",
        "@rollup/plugin-json": "^6.0.0",
        "@rollup/plugin-node-resolve": "^15.0.2",
        "@types/mocha": "^10.0.1",
        "@typescript-eslint/eslint-plugin": "^5.59.1",
        "@typescript-eslint/parser": "^5.59.1",
        "clean-css": "^5.3.2",
        "cli-table": "^0.3.1",
        "commander": "^10.0.1",
        "css": "^3.0.0",
        "css-color-names": "^1.0.1",
        "deep-freeze-es6": "^2.0.0",
        "del": "^6.1.1",
        "dependency-resolver": "^2.0.1",
        "eslint": "^8.39.0",
        "eslint-config-standard": "^17.0.0",
        "eslint-plugin-import": "^2.27.5",
        "eslint-plugin-node": "^11.1.0",
        "eslint-plugin-promise": "^6.1.1",
        "glob": "^8.0.3",
        "glob-promise": "^6.0.2",
        "handlebars": "^4.7.6",
        "http-server": "^14.1.1",
        "jsdom": "^21.1.1",
        "lodash": "^4.17.20",
        "mocha": "^10.2.0",
        "refa": "^0.4.1",
        "rollup": "^2.47.0",
        "should": "^13.2.3",
        "terser": "^5.17.1",
        "tiny-worker": "^2.3.0",
        "typescript": "^5.0.4",
        "wcag-contrast": "^3.0.0"
      },
      "engines": {
        "node": ">=12.0.0"
      }
    },
    "../node_modules/.pnpm/hono@3.7.1/node_modules/hono": {
      "version": "3.7.1",
      "license": "MIT",
      "devDependencies": {
        "@cloudflare/workers-types": "^4.20221111.1",
        "@hono/node-server": "^1.0.2",
        "@types/crypto-js": "^4.1.1",
        "@types/glob": "^8.0.0",
        "@types/jest": "^29.4.0",
        "@types/node": "^17.0.29",
        "@types/node-fetch": "^2.6.2",
        "@types/supertest": "^2.0.12",
        "@typescript-eslint/eslint-plugin": "^5.59.2",
        "@typescript-eslint/parser": "^5.59.2",
        "@vitest/coverage-v8": "^0.34.3",
        "arg": "^5.0.2",
        "crypto-js": "^4.1.1",
        "denoify": "^1.1.1",
        "esbuild": "^0.15.12",
        "eslint": "^8.39.0",
        "eslint-config-prettier": "^8.8.0",
        "eslint-define-config": "^1.20.0",
        "eslint-import-resolver-typescript": "^3.5.5",
        "eslint-plugin-eslint-comments": "^3.2.0",
        "eslint-plugin-flowtype": "^8.0.3",
        "eslint-plugin-import": "^2.27.5",
        "eslint-plugin-node": "^11.1.0",
        "form-data": "^4.0.0",
        "jest": "^29.6.4",
        "jest-preset-fastly-js-compute": "^1.3.0",
        "msw": "^1.0.0",
        "node-fetch": "2",
        "np": "^7.7.0",
        "prettier": "^2.6.2",
        "publint": "^0.1.8",
        "rimraf": "^3.0.2",
        "start-server-and-test": "^1.15.2",
        "supertest": "^6.3.3",
        "ts-jest": "^29.1.1",
        "tsx": "^3.11.0",
        "typescript": "^4.8.3",
        "vitest": "^0.34.3",
        "vitest-environment-miniflare": "^2.14.1",
        "wrangler": "^2.12.0",
        "zod": "^3.20.2"
      },
      "engines": {
        "node": ">=16.0.0"
      }
    },
    "../node_modules/.pnpm/htmx.org@1.9.6/node_modules/htmx.org": {
      "version": "1.9.6",
      "dev": true,
      "license": "BSD 2-Clause",
      "devDependencies": {
        "chai": "^4.3.7",
        "chai-dom": "^1.11.0",
        "fs-extra": "^9.1.0",
        "mocha": "^9.2.2",
        "mocha-chrome": "^2.2.0",
        "mocha-webdriver-runner": "^0.6.4",
        "mock-socket": "^9.2.1",
        "sinon": "^9.2.4",
        "typescript": "^4.9.5",
        "uglify-js": "^3.17.4"
      }
    },
    "../node_modules/.pnpm/nodemon@3.0.1/node_modules/nodemon": {
      "version": "3.0.1",
      "dev": true,
      "license": "MIT",
      "dependencies": {
        "chokidar": "^3.5.2",
        "debug": "^3.2.7",
        "ignore-by-default": "^1.0.1",
        "minimatch": "^3.1.2",
        "pstree.remy": "^1.1.8",
        "semver": "^7.5.3",
        "simple-update-notifier": "^2.0.0",
        "supports-color": "^5.5.0",
        "touch": "^3.1.0",
        "undefsafe": "^2.0.5"
      },
      "bin": {
        "nodemon": "bin/nodemon.js"
      },
      "devDependencies": {
        "@commitlint/cli": "^11.0.0",
        "@commitlint/config-conventional": "^11.0.0",
        "async": "1.4.2",
        "coffee-script": "~1.7.1",
        "eslint": "^7.32.0",
        "husky": "^7.0.4",
        "mocha": "^2.5.3",
        "nyc": "^15.1.0",
        "proxyquire": "^1.8.0",
        "semantic-release": "^18.0.0",
        "should": "~4.0.0"
      },
      "engines": {
        "node": ">=10"
      },
      "funding": {
        "type": "opencollective",
        "url": "https://opencollective.com/nodemon"
      }
    },
    "../node_modules/.pnpm/nprogress@0.2.0/node_modules/nprogress": {
      "version": "0.2.0",
      "dev": true,
      "license": "MIT",
      "devDependencies": {
        "chai": "~1.6.1",
        "jquery": "^2.1.1",
        "jsdom": "^5.4.1",
        "mocha": "^2.2.4",
        "mocha-jsdom": "^0.3.0"
      }
    },
    "../node_modules/.pnpm/picocolors@1.0.0/node_modules/picocolors": {
      "version": "1.0.0",
      "dev": true,
      "license": "ISC"
    },
    "../node_modules/.pnpm/readdirp@3.6.0/node_modules/readdirp": {
      "version": "3.6.0",
      "dev": true,
      "license": "MIT",
      "dependencies": {
        "picomatch": "^2.2.1"
      },
      "devDependencies": {
        "@types/node": "^14",
        "chai": "^4.2",
        "chai-subset": "^1.6",
        "dtslint": "^3.3.0",
        "eslint": "^7.0.0",
        "mocha": "^7.1.1",
        "nyc": "^15.0.0",
        "rimraf": "^3.0.0",
        "typescript": "^4.0.3"
      },
      "engines": {
        "node": ">=8.10.0"
      }
    },
    "../node_modules/.pnpm/rimraf@5.0.1/node_modules/rimraf": {
      "version": "5.0.1",
      "dev": true,
      "license": "ISC",
      "dependencies": {
        "glob": "^10.2.5"
      },
      "bin": {
        "rimraf": "dist/cjs/src/bin.js"
      },
      "devDependencies": {
        "@types/node": "^18.11.9",
        "@types/tap": "^15.0.7",
        "c8": "^7.12.0",
        "eslint-config-prettier": "^8.6.0",
        "mkdirp": "^3.0.0",
        "prettier": "^2.8.2",
        "tap": "^16.3.4",
        "ts-node": "^10.9.1",
        "typedoc": "^0.23.21",
        "typescript": "^5.0.4"
      },
      "engines": {
        "node": ">=14"
      },
      "funding": {
        "url": "https://github.com/sponsors/isaacs"
      }
    },
    "../node_modules/.pnpm/tailwindcss@3.3.3/node_modules/tailwindcss": {
      "version": "3.3.3",
      "dev": true,
      "license": "MIT",
      "dependencies": {
        "@alloc/quick-lru": "^5.2.0",
        "arg": "^5.0.2",
        "chokidar": "^3.5.3",
        "didyoumean": "^1.2.2",
        "dlv": "^1.1.3",
        "fast-glob": "^3.2.12",
        "glob-parent": "^6.0.2",
        "is-glob": "^4.0.3",
        "jiti": "^1.18.2",
        "lilconfig": "^2.1.0",
        "micromatch": "^4.0.5",
        "normalize-path": "^3.0.0",
        "object-hash": "^3.0.0",
        "picocolors": "^1.0.0",
        "postcss": "^8.4.23",
        "postcss-import": "^15.1.0",
        "postcss-js": "^4.0.1",
        "postcss-load-config": "^4.0.1",
        "postcss-nested": "^6.0.1",
        "postcss-selector-parser": "^6.0.11",
        "resolve": "^1.22.2",
        "sucrase": "^3.32.0"
      },
      "bin": {
        "tailwind": "lib/cli.js",
        "tailwindcss": "lib/cli.js"
      },
      "devDependencies": {
        "@swc/cli": "^0.1.62",
        "@swc/core": "^1.3.55",
        "@swc/jest": "^0.2.26",
        "@swc/register": "^0.1.10",
        "autoprefixer": "^10.4.14",
        "browserslist": "^4.21.5",
        "concurrently": "^8.0.1",
        "cssnano": "^6.0.0",
        "esbuild": "^0.17.18",
        "eslint": "^8.39.0",
        "eslint-config-prettier": "^8.8.0",
        "eslint-plugin-prettier": "^4.2.1",
        "jest": "^29.5.0",
        "jest-diff": "^29.5.0",
        "lightningcss": "1.18.0",
        "prettier": "^2.8.8",
        "rimraf": "^5.0.0",
        "source-map-js": "^1.0.2",
        "turbo": "^1.9.3"
      },
      "engines": {
        "node": ">=14.0.0"
      }
    },
    "../node_modules/.pnpm/tsup@7.2.0_typescript@5.2.2/node_modules/tsup": {
      "version": "7.2.0",
      "dev": true,
      "license": "MIT",
      "dependencies": {
        "bundle-require": "^4.0.0",
        "cac": "^6.7.12",
        "chokidar": "^3.5.1",
        "debug": "^4.3.1",
        "esbuild": "^0.18.2",
        "execa": "^5.0.0",
        "globby": "^11.0.3",
        "joycon": "^3.0.1",
        "postcss-load-config": "^4.0.1",
        "resolve-from": "^5.0.0",
        "rollup": "^3.2.5",
        "source-map": "0.8.0-beta.0",
        "sucrase": "^3.20.3",
        "tree-kill": "^1.2.2"
      },
      "bin": {
        "tsup": "dist/cli-default.js",
        "tsup-node": "dist/cli-node.js"
      },
      "devDependencies": {
        "@rollup/plugin-json": "5.0.1",
        "@swc/core": "1.2.218",
        "@types/debug": "4.1.7",
        "@types/flat": "5.0.2",
        "@types/fs-extra": "9.0.13",
        "@types/node": "14.18.12",
        "@types/resolve": "1.20.1",
        "colorette": "2.0.16",
        "consola": "2.15.3",
        "flat": "5.0.2",
        "fs-extra": "10.0.0",
        "postcss": "8.4.12",
        "postcss-simple-vars": "6.0.3",
        "prettier": "2.5.1",
        "resolve": "1.20.0",
        "rollup-plugin-dts": "5.3.0",
        "rollup-plugin-hashbang": "3.0.0",
        "sass": "1.62.1",
        "strip-json-comments": "4.0.0",
        "svelte": "3.46.4",
        "svelte-preprocess": "5.0.3",
        "terser": "^5.16.0",
        "ts-essentials": "9.1.2",
        "tsconfig-paths": "3.12.0",
        "tsup": "7.1.0",
        "typescript": "5.0.2",
        "vitest": "0.28.4",
        "wait-for-expect": "3.0.2"
      },
      "engines": {
        "node": ">=16.14"
      },
      "peerDependencies": {
        "@swc/core": "^1",
        "postcss": "^8.4.12",
        "typescript": ">=4.1.0"
      },
      "peerDependenciesMeta": {
        "@swc/core": {
          "optional": true
        },
        "postcss": {
          "optional": true
        },
        "typescript": {
          "optional": true
        }
      }
    },
    "../node_modules/.pnpm/typescript@5.2.2/node_modules/typescript": {
      "version": "5.2.2",
      "dev": true,
      "license": "Apache-2.0",
      "bin": {
        "tsc": "bin/tsc",
        "tsserver": "bin/tsserver"
      },
      "devDependencies": {
        "@esfx/canceltoken": "^1.0.0",
        "@octokit/rest": "^19.0.13",
        "@types/chai": "^4.3.4",
        "@types/fs-extra": "^9.0.13",
        "@types/glob": "^8.1.0",
        "@types/microsoft__typescript-etw": "^0.1.1",
        "@types/minimist": "^1.2.2",
        "@types/mocha": "^10.0.1",
        "@types/ms": "^0.7.31",
        "@types/node": "latest",
        "@types/source-map-support": "^0.5.6",
        "@types/which": "^2.0.1",
        "@typescript-eslint/eslint-plugin": "^6.0.0",
        "@typescript-eslint/parser": "^6.0.0",
        "@typescript-eslint/utils": "^6.0.0",
        "azure-devops-node-api": "^12.0.0",
        "c8": "^7.14.0",
        "chai": "^4.3.7",
        "chalk": "^4.1.2",
        "chokidar": "^3.5.3",
        "del": "^6.1.1",
        "diff": "^5.1.0",
        "esbuild": "^0.18.1",
        "eslint": "^8.22.0",
        "eslint-formatter-autolinkable-stylish": "^1.2.0",
        "eslint-plugin-local": "^1.0.0",
        "eslint-plugin-no-null": "^1.0.2",
        "eslint-plugin-simple-import-sort": "^10.0.0",
        "fast-xml-parser": "^4.0.11",
        "fs-extra": "^9.1.0",
        "glob": "^8.1.0",
        "hereby": "^1.6.4",
        "jsonc-parser": "^3.2.0",
        "minimist": "^1.2.8",
        "mocha": "^10.2.0",
        "mocha-fivemat-progress-reporter": "^0.1.0",
        "ms": "^2.1.3",
        "node-fetch": "^3.2.10",
        "source-map-support": "^0.5.21",
        "tslib": "^2.5.0",
        "typescript": "^5.0.2",
        "which": "^2.0.2"
      },
      "engines": {
        "node": ">=14.17"
      }
    },
    "../packages/core": {
      "name": "hwy",
      "version": "0.2.2-beta.4",
      "license": "MIT",
      "devDependencies": {
        "@hono/node-server": "^1.2.0",
        "@hwy-js/dev": "workspace:*",
        "@types/node": "^20.6.3",
        "hono": "^3.7.1",
        "rimraf": "^5.0.1",
        "tsup": "^7.2.0"
      }
    },
    "../packages/core/node_modules/@hono/node-server": {
      "resolved": "../node_modules/.pnpm/@hono+node-server@1.2.0/node_modules/@hono/node-server",
      "link": true
    },
    "../packages/core/node_modules/@hwy-js/dev": {
      "resolved": "../packages/dev",
      "link": true
    },
    "../packages/core/node_modules/@types/node": {
      "resolved": "../node_modules/.pnpm/@types+node@20.6.3/node_modules/@types/node",
      "link": true
    },
    "../packages/core/node_modules/hono": {
      "resolved": "../node_modules/.pnpm/hono@3.7.1/node_modules/hono",
      "link": true
    },
    "../packages/core/node_modules/rimraf": {
      "resolved": "../node_modules/.pnpm/rimraf@5.0.1/node_modules/rimraf",
      "link": true
    },
    "../packages/core/node_modules/tsup": {
      "resolved": "../node_modules/.pnpm/tsup@7.2.0_typescript@5.2.2/node_modules/tsup",
      "link": true
    },
    "../packages/dev": {
      "name": "@hwy-js/dev",
      "version": "0.2.2-beta.4",
      "dev": true,
      "license": "MIT",
      "dependencies": {
        "chokidar": "^3.5.3",
        "dotenv": "^16.3.1",
        "picocolors": "^1.0.0",
        "readdirp": "^3.6.0",
        "rimraf": "^5.0.1"
      },
      "bin": {
        "hwy-build": "scripts/run-build-tasks.js",
        "hwy-deno-deploy-hack": "scripts/deno-deploy-hack.js",
        "hwy-dev-serve": "scripts/dev-serve.js"
      },
      "devDependencies": {
        "@types/node": "^20.6.3",
        "cross-env": "^7.0.3",
        "esbuild": "^0.19.3",
        "hono": "^3.7.1",
        "htmx.org": "^1.9.6",
        "nodemon": "^3.0.1",
        "tsup": "^7.2.0",
        "typescript": "^5.2.2"
      },
      "peerDependencies": {
        "cross-env": "^7.0.3",
        "esbuild": "^0.19.2",
        "nodemon": "^3.0.1"
      }
    },
    "../packages/dev/node_modules/@types/node": {
      "resolved": "../node_modules/.pnpm/@types+node@20.6.3/node_modules/@types/node",
      "link": true
    },
    "../packages/dev/node_modules/chokidar": {
      "resolved": "../node_modules/.pnpm/chokidar@3.5.3/node_modules/chokidar",
      "link": true
    },
    "../packages/dev/node_modules/cross-env": {
      "resolved": "../node_modules/.pnpm/cross-env@7.0.3/node_modules/cross-env",
      "link": true
    },
    "../packages/dev/node_modules/dotenv": {
      "resolved": "../node_modules/.pnpm/dotenv@16.3.1/node_modules/dotenv",
      "link": true
    },
    "../packages/dev/node_modules/esbuild": {
      "resolved": "../node_modules/.pnpm/esbuild@0.19.3/node_modules/esbuild",
      "link": true
    },
    "../packages/dev/node_modules/hono": {
      "resolved": "../node_modules/.pnpm/hono@3.7.1/node_modules/hono",
      "link": true
    },
    "../packages/dev/node_modules/htmx.org": {
      "resolved": "../node_modules/.pnpm/htmx.org@1.9.6/node_modules/htmx.org",
      "link": true
    },
    "../packages/dev/node_modules/nodemon": {
      "resolved": "../node_modules/.pnpm/nodemon@3.0.1/node_modules/nodemon",
      "link": true
    },
    "../packages/dev/node_modules/picocolors": {
      "resolved": "../node_modules/.pnpm/picocolors@1.0.0/node_modules/picocolors",
      "link": true
    },
    "../packages/dev/node_modules/readdirp": {
      "resolved": "../node_modules/.pnpm/readdirp@3.6.0/node_modules/readdirp",
      "link": true
    },
    "../packages/dev/node_modules/rimraf": {
      "resolved": "../node_modules/.pnpm/rimraf@5.0.1/node_modules/rimraf",
      "link": true
    },
    "../packages/dev/node_modules/tsup": {
      "resolved": "../node_modules/.pnpm/tsup@7.2.0_typescript@5.2.2/node_modules/tsup",
      "link": true
    },
    "../packages/dev/node_modules/typescript": {
      "resolved": "../node_modules/.pnpm/typescript@5.2.2/node_modules/typescript",
      "link": true
    },
    "node_modules/@hono/node-server": {
      "resolved": "../node_modules/.pnpm/@hono+node-server@1.2.0/node_modules/@hono/node-server",
      "link": true
    },
    "node_modules/@hwy-js/dev": {
      "resolved": "../packages/dev",
      "link": true
    },
    "node_modules/@types/node": {
      "resolved": "../node_modules/.pnpm/@types+node@20.6.3/node_modules/@types/node",
      "link": true
    },
    "node_modules/@types/nprogress": {
      "resolved": "../node_modules/.pnpm/@types+nprogress@0.2.0/node_modules/@types/nprogress",
      "link": true
    },
    "node_modules/cross-env": {
      "resolved": "../node_modules/.pnpm/cross-env@7.0.3/node_modules/cross-env",
      "link": true
    },
    "node_modules/esbuild": {
      "resolved": "../node_modules/.pnpm/esbuild@0.19.3/node_modules/esbuild",
      "link": true
    },
    "node_modules/highlight.js": {
      "resolved": "../node_modules/.pnpm/highlight.js@11.8.0/node_modules/highlight.js",
      "link": true
    },
    "node_modules/hono": {
      "resolved": "../node_modules/.pnpm/hono@3.7.1/node_modules/hono",
      "link": true
    },
    "node_modules/htmx.org": {
      "resolved": "../node_modules/.pnpm/htmx.org@1.9.6/node_modules/htmx.org",
      "link": true
    },
    "node_modules/hwy": {
      "resolved": "../packages/core",
      "link": true
    },
    "node_modules/nodemon": {
      "resolved": "../node_modules/.pnpm/nodemon@3.0.1/node_modules/nodemon",
      "link": true
    },
    "node_modules/nprogress": {
      "resolved": "../node_modules/.pnpm/nprogress@0.2.0/node_modules/nprogress",
      "link": true
    },
    "node_modules/tailwindcss": {
      "resolved": "../node_modules/.pnpm/tailwindcss@3.3.3/node_modules/tailwindcss",
      "link": true
    },
    "node_modules/typescript": {
      "resolved": "../node_modules/.pnpm/typescript@5.2.2/node_modules/typescript",
      "link": true
    }
  }
}
