lockfileVersion: '9.0'

settings:
  autoInstallPeers: true
  excludeLinksFromLockfile: false

importers:

  .:
    devDependencies:
      '@hwy-js/client':
        specifier: ^0.14.1
        version: 0.14.1
      '@hwy-js/react':
        specifier: ^0.14.1
        version: 0.14.1
      '@types/nprogress':
        specifier: ^0.2.3
        version: 0.2.3
      highlight.js:
        specifier: ^11.9.0
        version: 11.9.0
      nprogress:
        specifier: ^0.2.0
        version: 0.2.0
      preact:
        specifier: ^10.20.2
        version: 10.20.2
      typescript:
        specifier: ^5.4.3
        version: 5.4.5
      use-html-dialog:
        specifier: ^0.2.1
        version: 0.2.1(react@18.3.1)
      usehooks-ts:
        specifier: ^3.1.0
        version: 3.1.0(react@18.3.1)

packages:

  '@babel/runtime@7.24.5':
    resolution: {integrity: sha512-Nms86NXrsaeU9vbBJKni6gXiEXZ4CVpYVzEjDH9Sb8vmZ3UljyA1GSOJl/6LGPO8EHLuSF9H+IxNXHPX8QHJ4g==}
    engines: {node: '>=6.9.0'}

  '@hwy-js/client@0.14.1':
    resolution: {integrity: sha512-1F2/ZC9DpzoBJ30ckijICHyU8Mt3dtZQalCBhBmgVH3dsj8ufs6yCOUcpT6YachvWefZTh1qow8v3VQlwNv0yw==}

  '@hwy-js/react@0.14.1':
    resolution: {integrity: sha512-EmgqBGMs3f/ZjlozoJcP6DuxHeGSgHwD3Ij8JEN8FW1/C8DMCYMpR0RPQVqUsBjsMBGtA8GOOvAGY/uBmOgfQQ==}

  '@types/nprogress@0.2.3':
    resolution: {integrity: sha512-k7kRA033QNtC+gLc4VPlfnue58CM1iQLgn1IMAU8VPHGOj7oIHPp9UlhedEnD/Gl8evoCjwkZjlBORtZ3JByUA==}

  highlight.js@11.9.0:
    resolution: {integrity: sha512-fJ7cW7fQGCYAkgv4CPfwFHrfd/cLS4Hau96JuJ+ZTOWhjnhoeN1ub1tFmALm/+lW5z4WCAuAV9bm05AP0mS6Gw==}
    engines: {node: '>=12.0.0'}

  history@5.3.0:
    resolution: {integrity: sha512-ZqaKwjjrAYUYfLG+htGaIIZ4nioX2L70ZUMIFysS3xvBsSG4x/n1V6TXV3N8ZYNuFGlDirFg32T7B6WOUPDYcQ==}

  js-tokens@4.0.0:
    resolution: {integrity: sha512-RdJUflcE3cUzKiMqQgsCu06FPu9UdIJO0beYbPhHN4k6apgJtifcoCtT9bcxOpYBtpD2kCM6Sbzg4CausW/PKQ==}

  lodash.debounce@4.0.8:
    resolution: {integrity: sha512-FT1yDzDYEoYWhnSGnpE/4Kj1fLZkDFyqRb7fNt6FdYOSxlUWAtp42Eh6Wb0rGIv/m9Bgo7x4GhQbm5Ys4SG5ow==}

  loose-envify@1.4.0:
    resolution: {integrity: sha512-lyuxPGr/Wfhrlem2CL/UcnUc1zcqKAImBDzukY7Y5F/yQiNdko6+fRLevlw1HgMySw7f611UIY408EtxRSoK3Q==}
    hasBin: true

  nprogress@0.2.0:
    resolution: {integrity: sha512-I19aIingLgR1fmhftnbWWO3dXc0hSxqHQHQb3H8m+K3TnEn/iSeTZZOyvKXWqQESMwuUVnatlCnZdLBZZt2VSA==}

  preact@10.20.2:
    resolution: {integrity: sha512-S1d1ernz3KQ+Y2awUxKakpfOg2CEmJmwOP+6igPx6dgr6pgDvenqYviyokWso2rhHvGtTlWWnJDa7RaPbQerTg==}

  react@18.3.1:
    resolution: {integrity: sha512-wS+hAgJShR0KhEvPJArfuPVN1+Hz1t0Y6n5jLrGQbkb4urgPE/0Rve+1kMB1v/oWgHgm4WIcV+i7F2pTVj+2iQ==}
    engines: {node: '>=0.10.0'}

  regenerator-runtime@0.14.1:
    resolution: {integrity: sha512-dYnhHh0nJoMfnkZs6GmmhFknAGRrLznOu5nc9ML+EJxGvrx6H7teuevqVqCuPcPK//3eDrrjQhehXVx9cnkGdw==}

  typescript@5.4.5:
    resolution: {integrity: sha512-vcI4UpRgg81oIRUFwR0WSIHKt11nJ7SAVlYNIu+QpqeyXP+gpQJy/Z4+F0aGxSE4MqwjyXvW/TzgkLAx2AGHwQ==}
    engines: {node: '>=14.17'}
    hasBin: true

  use-html-dialog@0.2.1:
    resolution: {integrity: sha512-onN065TdroLRMtXmUTHkyIq3ZW31ph0AezmG2VZge49fCWDZMi/vBO8juTDV4MSg+2+1dvHRBR+TpULn7XoECQ==}
    peerDependencies:
      react: '>=16.8.0'

  usehooks-ts@3.1.0:
    resolution: {integrity: sha512-bBIa7yUyPhE1BCc0GmR96VU/15l/9gP1Ch5mYdLcFBaFGQsdmXkvjV0TtOqW1yUd6VjIwDunm+flSciCQXujiw==}
    engines: {node: '>=16.15.0'}
    peerDependencies:
      react: ^16.8.0  || ^17 || ^18

snapshots:

  '@babel/runtime@7.24.5':
    dependencies:
      regenerator-runtime: 0.14.1

  '@hwy-js/client@0.14.1':
    dependencies:
      history: 5.3.0

  '@hwy-js/react@0.14.1': {}

  '@types/nprogress@0.2.3': {}

  highlight.js@11.9.0: {}

  history@5.3.0:
    dependencies:
      '@babel/runtime': 7.24.5

  js-tokens@4.0.0: {}

  lodash.debounce@4.0.8: {}

  loose-envify@1.4.0:
    dependencies:
      js-tokens: 4.0.0

  nprogress@0.2.0: {}

  preact@10.20.2: {}

  react@18.3.1:
    dependencies:
      loose-envify: 1.4.0

  regenerator-runtime@0.14.1: {}

  typescript@5.4.5: {}

  use-html-dialog@0.2.1(react@18.3.1):
    dependencies:
      react: 18.3.1

  usehooks-ts@3.1.0(react@18.3.1):
    dependencies:
      lodash.debounce: 4.0.8
      react: 18.3.1
