lockfileVersion: '6.0'

settings:
  autoInstallPeers: true
  excludeLinksFromLockfile: false

devDependencies:
  '@hwy-js/client':
    specifier: ^0.11.0
    version: 0.11.0
  '@hwy-js/react':
    specifier: ^0.11.0
    version: 0.11.0
  '@shikijs/markdown-it':
    specifier: ^1.3.0
    version: 1.3.0
  '@types/markdown-it':
    specifier: ^14.0.0
    version: 14.0.1
  markdown-it:
    specifier: ^14.1.0
    version: 14.1.0
  preact:
    specifier: ^10.20.2
    version: 10.20.2
  shiki:
    specifier: ^1.3.0
    version: 1.3.0
  typescript:
    specifier: ^5.4.3
    version: 5.4.5
  use-html-dialog:
    specifier: ^0.2.1
    version: 0.2.1(react@18.2.0)
  usehooks-ts:
    specifier: ^3.1.0
    version: 3.1.0(react@18.2.0)

packages:

  /@babel/runtime@7.24.4:
    resolution: {integrity: sha512-dkxf7+hn8mFBwKjs9bvBlArzLVxVbS8usaPUDd5p2a9JCL9tB8OaOVN1isD4+Xyk4ns89/xeOmbQvgdK7IIVdA==}
    engines: {node: '>=6.9.0'}
    dependencies:
      regenerator-runtime: 0.14.1
    dev: true

  /@hwy-js/client@0.11.0:
    resolution: {integrity: sha512-7R4xlBlJUHf/lv7qxzoa5nN0GX3zphktak0XXUBA9o5yDcbaZhrwTflKCVK8EZrb6DbMFm2oIgXWv5OVxwmNlg==}
    dependencies:
      history: 5.3.0
    dev: true

  /@hwy-js/react@0.11.0:
    resolution: {integrity: sha512-fOQ5hv/WM5rZdRImPqxKt9oQ+5BF4FxwyendFxpC0+lQIbtgooXTYpnK0xLEmb3HFa0d+h3/J1ZB6gZ3Jyh7Yg==}
    dev: true

  /@shikijs/core@1.3.0:
    resolution: {integrity: sha512-7fedsBfuILDTBmrYZNFI8B6ATTxhQAasUHllHmjvSZPnoq4bULWoTpHwmuQvZ8Aq03/tAa2IGo6RXqWtHdWaCA==}
    dev: true

  /@shikijs/markdown-it@1.3.0:
    resolution: {integrity: sha512-fIf4dGj2TeJbRujCMp7J+OpvEPCWltRvzlwHtC3ixqZi8IvaqdAcnIqFuWDCvBlbIFsxtYaQiyXSHJXxXPxDAw==}
    dependencies:
      '@shikijs/transformers': 1.3.0
      markdown-it: 14.1.0
      shiki: 1.3.0
    dev: true

  /@shikijs/transformers@1.3.0:
    resolution: {integrity: sha512-3mlpg2I9CjhjE96dEWQOGeCWoPcyTov3s4aAsHmgvnTHa8MBknEnCQy8/xivJPSpD+olqOqIEoHnLfbNJK29AA==}
    dependencies:
      shiki: 1.3.0
    dev: true

  /@types/linkify-it@3.0.5:
    resolution: {integrity: sha512-yg6E+u0/+Zjva+buc3EIb+29XEg4wltq7cSmd4Uc2EE/1nUVmxyzpX6gUXD0V8jIrG0r7YeOGVIbYRkxeooCtw==}
    dev: true

  /@types/markdown-it@14.0.1:
    resolution: {integrity: sha512-6WfOG3jXR78DW8L5cTYCVVGAsIFZskRHCDo5tbqa+qtKVt4oDRVH7hyIWu1SpDQJlmIoEivNQZ5h+AGAOrgOtQ==}
    dependencies:
      '@types/linkify-it': 3.0.5
      '@types/mdurl': 1.0.5
    dev: true

  /@types/mdurl@1.0.5:
    resolution: {integrity: sha512-6L6VymKTzYSrEf4Nev4Xa1LCHKrlTlYCBMTlQKFuddo1CvQcE52I0mwfOJayueUC7MJuXOeHTcIU683lzd0cUA==}
    dev: true

  /argparse@2.0.1:
    resolution: {integrity: sha512-8+9WqebbFzpX9OR+Wa6O29asIogeRMzcGtAINdpMHHyAg10f05aSFVBbcEqGf/PXw1EjAZ+q2/bEBg3DvurK3Q==}
    dev: true

  /entities@4.5.0:
    resolution: {integrity: sha512-V0hjH4dGPh9Ao5p0MoRY6BVqtwCjhz6vI5LT8AJ55H+4g9/4vbHx1I54fS0XuclLhDHArPQCiMjDxjaL8fPxhw==}
    engines: {node: '>=0.12'}
    dev: true

  /history@5.3.0:
    resolution: {integrity: sha512-ZqaKwjjrAYUYfLG+htGaIIZ4nioX2L70ZUMIFysS3xvBsSG4x/n1V6TXV3N8ZYNuFGlDirFg32T7B6WOUPDYcQ==}
    dependencies:
      '@babel/runtime': 7.24.4
    dev: true

  /js-tokens@4.0.0:
    resolution: {integrity: sha512-RdJUflcE3cUzKiMqQgsCu06FPu9UdIJO0beYbPhHN4k6apgJtifcoCtT9bcxOpYBtpD2kCM6Sbzg4CausW/PKQ==}
    dev: true

  /linkify-it@5.0.0:
    resolution: {integrity: sha512-5aHCbzQRADcdP+ATqnDuhhJ/MRIqDkZX5pyjFHRRysS8vZ5AbqGEoFIb6pYHPZ+L/OC2Lc+xT8uHVVR5CAK/wQ==}
    dependencies:
      uc.micro: 2.1.0
    dev: true

  /lodash.debounce@4.0.8:
    resolution: {integrity: sha512-FT1yDzDYEoYWhnSGnpE/4Kj1fLZkDFyqRb7fNt6FdYOSxlUWAtp42Eh6Wb0rGIv/m9Bgo7x4GhQbm5Ys4SG5ow==}
    dev: true

  /loose-envify@1.4.0:
    resolution: {integrity: sha512-lyuxPGr/Wfhrlem2CL/UcnUc1zcqKAImBDzukY7Y5F/yQiNdko6+fRLevlw1HgMySw7f611UIY408EtxRSoK3Q==}
    hasBin: true
    dependencies:
      js-tokens: 4.0.0
    dev: true

  /markdown-it@14.1.0:
    resolution: {integrity: sha512-a54IwgWPaeBCAAsv13YgmALOF1elABB08FxO9i+r4VFk5Vl4pKokRPeX8u5TCgSsPi6ec1otfLjdOpVcgbpshg==}
    hasBin: true
    dependencies:
      argparse: 2.0.1
      entities: 4.5.0
      linkify-it: 5.0.0
      mdurl: 2.0.0
      punycode.js: 2.3.1
      uc.micro: 2.1.0
    dev: true

  /mdurl@2.0.0:
    resolution: {integrity: sha512-Lf+9+2r+Tdp5wXDXC4PcIBjTDtq4UKjCPMQhKIuzpJNW0b96kVqSwW0bT7FhRSfmAiFYgP+SCRvdrDozfh0U5w==}
    dev: true

  /preact@10.20.2:
    resolution: {integrity: sha512-S1d1ernz3KQ+Y2awUxKakpfOg2CEmJmwOP+6igPx6dgr6pgDvenqYviyokWso2rhHvGtTlWWnJDa7RaPbQerTg==}
    dev: true

  /punycode.js@2.3.1:
    resolution: {integrity: sha512-uxFIHU0YlHYhDQtV4R9J6a52SLx28BCjT+4ieh7IGbgwVJWO+km431c4yRlREUAsAmt/uMjQUyQHNEPf0M39CA==}
    engines: {node: '>=6'}
    dev: true

  /react@18.2.0:
    resolution: {integrity: sha512-/3IjMdb2L9QbBdWiW5e3P2/npwMBaU9mHCSCUzNln0ZCYbcfTsGbTJrU/kGemdH2IWmB2ioZ+zkxtmq6g09fGQ==}
    engines: {node: '>=0.10.0'}
    dependencies:
      loose-envify: 1.4.0
    dev: true

  /regenerator-runtime@0.14.1:
    resolution: {integrity: sha512-dYnhHh0nJoMfnkZs6GmmhFknAGRrLznOu5nc9ML+EJxGvrx6H7teuevqVqCuPcPK//3eDrrjQhehXVx9cnkGdw==}
    dev: true

  /shiki@1.3.0:
    resolution: {integrity: sha512-9aNdQy/etMXctnPzsje1h1XIGm9YfRcSksKOGqZWXA/qP9G18/8fpz5Bjpma8bOgz3tqIpjERAd6/lLjFyzoww==}
    dependencies:
      '@shikijs/core': 1.3.0
    dev: true

  /typescript@5.4.5:
    resolution: {integrity: sha512-vcI4UpRgg81oIRUFwR0WSIHKt11nJ7SAVlYNIu+QpqeyXP+gpQJy/Z4+F0aGxSE4MqwjyXvW/TzgkLAx2AGHwQ==}
    engines: {node: '>=14.17'}
    hasBin: true
    dev: true

  /uc.micro@2.1.0:
    resolution: {integrity: sha512-ARDJmphmdvUk6Glw7y9DQ2bFkKBHwQHLi2lsaH6PPmz/Ka9sFOBsBluozhDltWmnv9u/cF6Rt87znRTPV+yp/A==}
    dev: true

  /use-html-dialog@0.2.1(react@18.2.0):
    resolution: {integrity: sha512-onN065TdroLRMtXmUTHkyIq3ZW31ph0AezmG2VZge49fCWDZMi/vBO8juTDV4MSg+2+1dvHRBR+TpULn7XoECQ==}
    peerDependencies:
      react: '>=16.8.0'
    dependencies:
      react: 18.2.0
    dev: true

  /usehooks-ts@3.1.0(react@18.2.0):
    resolution: {integrity: sha512-bBIa7yUyPhE1BCc0GmR96VU/15l/9gP1Ch5mYdLcFBaFGQsdmXkvjV0TtOqW1yUd6VjIwDunm+flSciCQXujiw==}
    engines: {node: '>=16.15.0'}
    peerDependencies:
      react: ^16.8.0  || ^17 || ^18
    dependencies:
      lodash.debounce: 4.0.8
      react: 18.2.0
    dev: true
